
Microsoft Visual Studio Solution File, Format Version 12.00
# Visual Studio Version 17
VisualStudioVersion = 17.4.33213.308
MinimumVisualStudioVersion = 10.0.40219.1
Project("{FAE04EC0-301F-11D3-BF4B-00C04F79EFBC}") = "tanuki_the_first", "tanuki_the_first\tanuki_the_first.csproj", "{EF75E202-7280-46D9-80B8-03C805C837A5}"
EndProject
Global
	GlobalSection(SolutionConfigurationPlatforms) = preSolution
		Debug|Any CPU = Debug|Any CPU
		Release|Any CPU = Release|Any CPU
	EndGlobalSection
	GlobalSection(ProjectConfigurationPlatforms) = postSolution
		{EF75E202-7280-46D9-80B8-03C805C837A5}.Debug|Any CPU.ActiveCfg = Debug|Any CPU
		{EF75E202-7280-46D9-80B8-03C805C837A5}.Debug|Any CPU.Build.0 = Debug|Any CPU
		{EF75E202-7280-46D9-80B8-03C805C837A5}.Release|Any CPU.ActiveCfg = Release|Any CPU
		{EF75E202-7280-46D9-80B8-03C805C837A5}.Release|Any CPU.Build.0 = Release|Any CPU
	EndGlobalSection
	GlobalSection(SolutionProperties) = preSolution
		HideSolutionNode = FALSE
	EndGlobalSection
	GlobalSection(ExtensibilityGlobals) = postSolution
		SolutionGuid = {C8F58A5F-1C53-4D88-A554-17FC7CB43836}
	EndGlobalSection
EndGlobal
